// !$*UTF8*$!
{
	archiveVersion = 1;
	classes = {
	};
	objectVersion = 55;
	objects = {

/* Begin PBXBuildFile section */
		A6BF7CD627B14E1A0062CC45 /* AppDelegate.swift in Sources */ = {isa = PBXBuildFile; fileRef = A6BF7CD527B14E1A0062CC45 /* AppDelegate.swift */; };
		A6BF7CD827B14E1A0062CC45 /* SceneDelegate.swift in Sources */ = {isa = PBXBuildFile; fileRef = A6BF7CD727B14E1A0062CC45 /* SceneDelegate.swift */; };
		A6BF7CDA27B14E1A0062CC45 /* ViewController.swift in Sources */ = {isa = PBXBuildFile; fileRef = A6BF7CD927B14E1A0062CC45 /* ViewController.swift */; };
		A6BF7CDD27B14E1A0062CC45 /* Main.storyboard in Resources */ = {isa = PBXBuildFile; fileRef = A6BF7CDB27B14E1A0062CC45 /* Main.storyboard */; };
		A6BF7CDF27B14E1B0062CC45 /* Assets.xcassets in Resources */ = {isa = PBXBuildFile; fileRef = A6BF7CDE27B14E1B0062CC45 /* Assets.xcassets */; };
		A6BF7CE227B14E1B0062CC45 /* LaunchScreen.storyboard in Resources */ = {isa = PBXBuildFile; fileRef = A6BF7CE027B14E1B0062CC45 /* LaunchScreen.storyboard */; };
		A6BF7CEA27B157DD0062CC45 /* ResulktViewController.swift in Sources */ = {isa = PBXBuildFile; fileRef = A6BF7CE927B157DD0062CC45 /* ResulktViewController.swift */; };
/* End PBXBuildFile section */

/* Begin PBXFileReference section */
		A6BF7CD227B14E1A0062CC45 /* SubmitValue.app */ = {isa = PBXFileReference; explicitFileType = wrapper.application; includeInIndex = 0; path = SubmitValue.app; sourceTree = BUILT_PRODUCTS_DIR; };
		A6BF7CD527B14E1A0062CC45 /* AppDelegate.swift */ = {isa = PBXFileReference; lastKnownFileType = sourcecode.swift; path = AppDelegate.swift; sourceTree = "<group>"; };
		A6BF7CD727B14E1A0062CC45 /* SceneDelegate.swift */ = {isa = PBXFileReference; lastKnownFileType = sourcecode.swift; path = SceneDelegate.swift; sourceTree = "<group>"; };
		A6BF7CD927B14E1A0062CC45 /* ViewController.swift */ = {isa = PBXFileReference; lastKnownFileType = sourcecode.swift; path = ViewController.swift; sourceTree = "<group>"; };
		A6BF7CDC27B14E1A0062CC45 /* Base */ = {isa = PBXFileReference; lastKnownFileType = file.storyboard; name = Base; path = Base.lproj/Main.storyboard; sourceTree = "<group>"; };
		A6BF7CDE27B14E1B0062CC45 /* Assets.xcassets */ = {isa = PBXFileReference; lastKnownFileType = folder.assetcatalog; path = Assets.xcassets; sourceTree = "<group>"; };
		A6BF7CE127B14E1B0062CC45 /* Base */ = {isa = PBXFileReference; lastKnownFileType = file.storyboard; name = Base; path = Base.lproj/LaunchScreen.storyboard; sourceTree = "<group>"; };
		A6BF7CE327B14E1B0062CC45 /* Info.plist */ = {isa = PBXFileReference; lastKnownFileType = text.plist.xml; path = Info.plist; sourceTree = "<group>"; };
		A6BF7CE927B157DD0062CC45 /* ResulktViewController.swift */ = {isa = PBXFileReference; lastKnownFileType = sourcecode.swift; path = ResulktViewController.swift; sourceTree = "<group>"; };
/* End PBXFileReference section */

/* Begin PBXFrameworksBuildPhase section */
		A6BF7CCF27B14E1A0062CC45 /* Frameworks */ = {
			isa = PBXFrameworksBuildPhase;
			buildActionMask = 2147483647;
			files = (
			);
			runOnlyForDeploymentPostprocessing = 0;
		};
/* End PBXFrameworksBuildPhase section */

/* Begin PBXGroup section */
		A6BF7CC927B14E1A0062CC45 = {
			isa = PBXGroup;
			children = (
				A6BF7CD427B14E1A0062CC45 /* SubmitValue */,
				A6BF7CD327B14E1A0062CC45 /* Products */,
			);
			sourceTree = "<group>";
		};
		A6BF7CD327B14E1A0062CC45 /* Products */ = {
			isa = PBXGroup;
			children = (
				A6BF7CD227B14E1A0062CC45 /* SubmitValue.app */,
			);
			name = Products;
			sourceTree = "<group>";
		};
		A6BF7CD427B14E1A0062CC45 /* SubmitValue */ = {
			isa = PBXGroup;
			children = (
				A6BF7CD527B14E1A0062CC45 /* AppDelegate.swift */,
				A6BF7CD727B14E1A0062CC45 /* SceneDelegate.swift */,
				A6BF7CD927B14E1A0062CC45 /* ViewController.swift */,
				A6BF7CDB27B14E1A0062CC45 /* Main.storyboard */,
				A6BF7CDE27B14E1B0062CC45 /* Assets.xcassets */,
				A6BF7CE027B14E1B0062CC45 /* LaunchScreen.storyboard */,
				A6BF7CE327B14E1B0062CC45 /* Info.plist */,
				A6BF7CE927B157DD0062CC45 /* ResulktViewController.swift */,
			);
			path = SubmitValue;
			sourceTree = "<group>";
		};
/* End PBXGroup section */

/* Begin PBXNativeTarget section */
		A6BF7CD127B14E1A0062CC45 /* SubmitValue */ = {
			isa = PBXNativeTarget;
			buildConfigurationList = A6BF7CE627B14E1B0062CC45 /* Build configuration list for PBXNativeTarget "SubmitValue" */;
			buildPhases = (
				A6BF7CCE27B14E1A0062CC45 /* Sources */,
				A6BF7CCF27B14E1A0062CC45 /* Frameworks */,
				A6BF7CD027B14E1A0062CC45 /* Resources */,
			);
			buildRules = (
			);
			dependencies = (
			);
			name = SubmitValue;
			productName = SubmitValue;
			productReference = A6BF7CD227B14E1A0062CC45 /* SubmitValue.app */;
			productType = "com.apple.product-type.application";
		};
/* End PBXNativeTarget section */

/* Begin PBXProject section */
		A6BF7CCA27B14E1A0062CC45 /* Project object */ = {
			isa = PBXProject;
			attributes = {
				BuildIndependentTargetsInParallel = 1;
				LastSwiftUpdateCheck = 1320;
				LastUpgradeCheck = 1320;
				TargetAttributes = {
					A6BF7CD127B14E1A0062CC45 = {
						CreatedOnToolsVersion = 13.2.1;
					};
				};
			};
			buildConfigurationList = A6BF7CCD27B14E1A0062CC45 /* Build configuration list for PBXProject "SubmitValue" */;
			compatibilityVersion = "Xcode 13.0";
			developmentRegion = en;
			hasScannedForEncodings = 0;
			knownRegions = (
				en,
				Base,
			);
			mainGroup = A6BF7CC927B14E1A0062CC45;
			productRefGroup = A6BF7CD327B14E1A0062CC45 /* Products */;
			projectDirPath = "";
			projectRoot = "";
			targets = (
				A6BF7CD127B14E1A0062CC45 /* SubmitValue */,
			);
		};
/* End PBXProject section */

/* Begin PBXResourcesBuildPhase section */
		A6BF7CD027B14E1A0062CC45 /* Resources */ = {
			isa = PBXResourcesBuildPhase;
			buildActionMask = 2147483647;
			files = (
				A6BF7CE227B14E1B0062CC45 /* LaunchScreen.storyboard in Resources */,
				A6BF7CDF27B14E1B0062CC45 /* Assets.xcassets in Resources */,
				A6BF7CDD27B14E1A0062CC45 /* Main.storyboard in Resources */,
			);
			runOnlyForDeploymentPostprocessing = 0;
		};
/* End PBXResourcesBuildPhase section */

/* Begin PBXSourcesBuildPhase section */
		A6BF7CCE27B14E1A0062CC45 /* Sources */ = {
			isa = PBXSourcesBuildPhase;
			buildActionMask = 2147483647;
			files = (
				A6BF7CDA27B14E1A0062CC45 /* ViewController.swift in Sources */,
				A6BF7CD627B14E1A0062CC45 /* AppDelegate.swift in Sources */,
				A6BF7CD827B14E1A0062CC45 /* SceneDelegate.swift in Sources */,
				A6BF7CEA27B157DD0062CC45 /* ResulktViewController.swift in Sources */,
			);
			runOnlyForDeploymentPostprocessing = 0;
		};
/* End PBXSourcesBuildPhase section */

/* Begin PBXVariantGroup section */
		A6BF7CDB27B14E1A0062CC45 /* Main.storyboard */ = {
			isa = PBXVariantGroup;
			children = (
				A6BF7CDC27B14E1A0062CC45 /* Base */,
			);
			name = Main.storyboard;
			sourceTree = "<group>";
		};
		A6BF7CE027B14E1B0062CC45 /* LaunchScreen.storyboard */ = {
			isa = PBXVariantGroup;
			children = (
				A6BF7CE127B14E1B0062CC45 /* Base */,
			);
			name = LaunchScreen.storyboard;
			sourceTree = "<group>";
		};
/* End PBXVariantGroup section */

/* Begin XCBuildConfiguration section */
		A6BF7CE427B14E1B0062CC45 /* Debug */ = {
			isa = XCBuildConfiguration;
			buildSettings = {
				ALWAYS_SEARCH_USER_PATHS = NO;
				CLANG_ANALYZER_NONNULL = YES;
				CLANG_ANALYZER_NUMBER_OBJECT_CONVERSION = YES_AGGRESSIVE;
				CLANG_CXX_LANGUAGE_STANDARD = "gnu++17";
				CLANG_CXX_LIBRARY = "libc++";
				CLANG_ENABLE_MODULES = YES;
				CLANG_ENABLE_OBJC_ARC = YES;
				CLANG_ENABLE_OBJC_WEAK = YES;
				CLANG_WARN_BLOCK_CAPTURE_AUTORELEASING = YES;
				CLANG_WARN_BOOL_CONVERSION = YES;
				CLANG_WARN_COMMA = YES;
				CLANG_WARN_CONSTANT_CONVERSION = YES;
				CLANG_WARN_DEPRECATED_OBJC_IMPLEMENTATIONS = YES;
				CLANG_WARN_DIRECT_OBJC_ISA_USAGE = YES_ERROR;
				CLANG_WARN_DOCUMENTATION_COMMENTS = YES;
				CLANG_WARN_EMPTY_BODY = YES;
				CLANG_WARN_ENUM_CONVERSION = YES;
				CLANG_WARN_INFINITE_RECURSION = YES;
				CLANG_WARN_INT_CONVERSION = YES;
				CLANG_WARN_NON_LITERAL_NULL_CONVERSION = YES;
				CLANG_WARN_OBJC_IMPLICIT_RETAIN_SELF = YES;
				CLANG_WARN_OBJC_LITERAL_CONVERSION = YES;
				CLANG_WARN_OBJC_ROOT_CLASS = YES_ERROR;
				CLANG_WARN_QUOTED_INCLUDE_IN_FRAMEWORK_HEADER = YES;
				CLANG_WARN_RANGE_LOOP_ANALYSIS = YES;
				CLANG_WARN_STRICT_PROTOTYPES = YES;
				CLANG_WARN_SUSPICIOUS_MOVE = YES;
				CLANG_WARN_UNGUARDED_AVAILABILITY = YES_AGGRESSIVE;
				CLANG_WARN_UNREACHABLE_CODE = YES;
				CLANG_WARN__DUPLICATE_METHOD_MATCH = YES;
				COPY_PHASE_STRIP = NO;
				DEBUG_INFORMATION_FORMAT = dwarf;
				ENABLE_STRICT_OBJC_MSGSEND = YES;
				ENABLE_TESTABILITY = YES;
				GCC_C_LANGUAGE_STANDARD = gnu11;
				GCC_DYNAMIC_NO_PIC = NO;
				GCC_NO_COMMON_BLOCKS = YES;
				GCC_OPTIMIZATION_LEVEL = 0;
				GCC_PREPROCESSOR_DEFINITIONS = (
					"DEBUG=1",
					"$(inherited)",
				);
				GCC_WARN_64_TO_32_BIT_CONVERSION = YES;
				GCC_WARN_ABOUT_RETURN_TYPE = YES_ERROR;
				GCC_WARN_UNDECLARED_SELECTOR = YES;
				GCC_WARN_UNINITIALIZED_AUTOS = YES_AGGRESSIVE;
				GCC_WARN_UNUSED_FUNCTION = YES;
				GCC_WARN_UNUSED_VARIABLE = YES;
				IPHONEOS_DEPLOYMENT_TARGET = 15.2;
				MTL_ENABLE_DEBUG_INFO = INCLUDE_SOURCE;
				MTL_FAST_MATH = YES;
				ONLY_ACTIVE_ARCH = YES;
				SDKROOT = iphoneos;
				SWIFT_ACTIVE_COMPILATION_CONDITIONS = DEBUG;
				SWIFT_OPTIMIZATION_LEVEL = "-Onone";
			};
			name = Debug;
		};
		A6BF7CE527B14E1B0062CC45 /* Release */ = {
			isa = XCBuildConfiguration;
			buildSettings = {
				ALWAYS_SEARCH_USER_PATHS = NO;
				CLANG_ANALYZER_NONNULL = YES;
				CLANG_ANALYZER_NUMBER_OBJECT_CONVERSION = YES_AGGRESSIVE;
				CLANG_CXX_LANGUAGE_STANDARD = "gnu++17";
				CLANG_CXX_LIBRARY = "libc++";
				CLANG_ENABLE_MODULES = YES;
				CLANG_ENABLE_OBJC_ARC = YES;
				CLANG_ENABLE_OBJC_WEAK = YES;
				CLANG_WARN_BLOCK_CAPTURE_AUTORELEASING = YES;
				CLANG_WARN_BOOL_CONVERSION = YES;
				CLANG_WARN_COMMA = YES;
				CLANG_WARN_CONSTANT_CONVERSION = YES;
				CLANG_WARN_DEPRECATED_OBJC_IMPLEMENTATIONS = YES;
				CLANG_WARN_DIRECT_OBJC_ISA_USAGE = YES_ERROR;
				CLANG_WARN_DOCUMENTATION_COMMENTS = YES;
				CLANG_WARN_EMPTY_BODY = YES;
				CLANG_WARN_ENUM_CONVERSION = YES;
				CLANG_WARN_INFINITE_RECURSION = YES;
				CLANG_WARN_INT_CONVERSION = YES;
				CLANG_WARN_NON_LITERAL_NULL_CONVERSION = YES;
				CLANG_WARN_OBJC_IMPLICIT_RETAIN_SELF = YES;
				CLANG_WARN_OBJC_LITERAL_CONVERSION = YES;
				CLANG_WARN_OBJC_ROOT_CLASS = YES_ERROR;
				CLANG_WARN_QUOTED_INCLUDE_IN_FRAMEWORK_HEADER = YES;
				CLANG_WARN_RANGE_LOOP_ANALYSIS = YES;
				CLANG_WARN_STRICT_PROTOTYPES = YES;
				CLANG_WARN_SUSPICIOUS_MOVE = YES;
				CLANG_WARN_UNGUARDED_AVAILABILITY = YES_AGGRESSIVE;
				CLANG_WARN_UNREACHABLE_CODE = YES;
				CLANG_WARN__DUPLICATE_METHOD_MATCH = YES;
				COPY_PHASE_STRIP = NO;
				DEBUG_INFORMATION_FORMAT = "dwarf-with-dsym";
				ENABLE_NS_ASSERTIONS = NO;
				ENABLE_STRICT_OBJC_MSGSEND = YES;
				GCC_C_LANGUAGE_STANDARD = gnu11;
				GCC_NO_COMMON_BLOCKS = YES;
				GCC_WARN_64_TO_32_BIT_CONVERSION = YES;
				GCC_WARN_ABOUT_RETURN_TYPE = YES_ERROR;
				GCC_WARN_UNDECLARED_SELECTOR = YES;
				GCC_WARN_UNINITIALIZED_AUTOS = YES_AGGRESSIVE;
				GCC_WARN_UNUSED_FUNCTION = YES;
				GCC_WARN_UNUSED_VARIABLE = YES;
				IPHONEOS_DEPLOYMENT_TARGET = 15.2;
				MTL_ENABLE_DEBUG_INFO = NO;
				MTL_FAST_MATH = YES;
				SDKROOT = iphoneos;
				SWIFT_COMPILATION_MODE = wholemodule;
				SWIFT_OPTIMIZATION_LEVEL = "-O";
				VALIDATE_PRODUCT = YES;
			};
			name = Release;
		};
		A6BF7CE727B14E1B0062CC45 /* Debug */ = {
			isa = XCBuildConfiguration;
			buildSettings = {
				ASSETCATALOG_COMPILER_APPICON_NAME = AppIcon;
				ASSETCATALOG_COMPILER_GLOBAL_ACCENT_COLOR_NAME = AccentColor;
				CODE_SIGN_STYLE = Automatic;
				CURRENT_PROJECT_VERSION = 1;
				DEVELOPMENT_TEAM = 3N2D6D7SCN;
				GENERATE_INFOPLIST_FILE = YES;
				INFOPLIST_FILE = SubmitValue/Info.plist;
				INFOPLIST_KEY_UIApplicationSupportsIndirectInputEvents = YES;
				INFOPLIST_KEY_UILaunchStoryboardName = LaunchScreen;
				INFOPLIST_KEY_UIMainStoryboardFile = Main;
				INFOPLIST_KEY_UISupportedInterfaceOrientations_iPad = "UIInterfaceOrientationPortrait UIInterfaceOrientationPortraitUpsideDown UIInterfaceOrientationLandscapeLeft UIInterfaceOrientationLandscapeRight";
				INFOPLIST_KEY_UISupportedInterfaceOrientations_iPhone = "UIInterfaceOrientationPortrait UIInterfaceOrientationLandscapeLeft UIInterfaceOrientationLandscapeRight";
				LD_RUNPATH_SEARCH_PATHS = (
					"$(inherited)",
					"@executable_path/Frameworks",
				);
				MARKETING_VERSION = 1.0;
				PRODUCT_BUNDLE_IDENTIFIER = com.ohs.SubmitValue;
				PRODUCT_NAME = "$(TARGET_NAME)";
				SWIFT_EMIT_LOC_STRINGS = YES;
				SWIFT_VERSION = 5.0;
				TARGETED_DEVICE_FAMILY = "1,2";
			};
			name = Debug;
		};
		A6BF7CE827B14E1B0062CC45 /* Release */ = {
			isa = XCBuildConfiguration;
			buildSettings = {
				ASSETCATALOG_COMPILER_APPICON_NAME = AppIcon;
				ASSETCATALOG_COMPILER_GLOBAL_ACCENT_COLOR_NAME = AccentColor;
				CODE_SIGN_STYLE = Automatic;
				CURRENT_PROJECT_VERSION = 1;
				DEVELOPMENT_TEAM = 3N2D6D7SCN;
				GENERATE_INFOPLIST_FILE = YES;
				INFOPLIST_FILE = SubmitValue/Info.plist;
				INFOPLIST_KEY_UIApplicationSupportsIndirectInputEvents = YES;
				INFOPLIST_KEY_UILaunchStoryboardName = LaunchScreen;
				INFOPLIST_KEY_UIMainStoryboardFile = Main;
				INFOPLIST_KEY_UISupportedInterfaceOrientations_iPad = "UIInterfaceOrientationPortrait UIInterfaceOrientationPortraitUpsideDown UIInterfaceOrientationLandscapeLeft UIInterfaceOrientationLandscapeRight";
				INFOPLIST_KEY_UISupportedInterfaceOrientations_iPhone = "UIInterfaceOrientationPortrait UIInterfaceOrientationLandscapeLeft UIInterfaceOrientationLandscapeRight";
				LD_RUNPATH_SEARCH_PATHS = (
					"$(inherited)",
					"@executable_path/Frameworks",
				);
				MARKETING_VERSION = 1.0;
				PRODUCT_BUNDLE_IDENTIFIER = com.ohs.SubmitValue;
				PRODUCT_NAME = "$(TARGET_NAME)";
				SWIFT_EMIT_LOC_STRINGS = YES;
				SWIFT_VERSION = 5.0;
				TARGETED_DEVICE_FAMILY = "1,2";
			};
			name = Release;
		};
/* End XCBuildConfiguration section */

/* Begin XCConfigurationList section */
		A6BF7CCD27B14E1A0062CC45 /* Build configuration list for PBXProject "SubmitValue" */ = {
			isa = XCConfigurationList;
			buildConfigurations = (
				A6BF7CE427B14E1B0062CC45 /* Debug */,
				A6BF7CE527B14E1B0062CC45 /* Release */,
			);
			defaultConfigurationIsVisible = 0;
			defaultConfigurationName = Release;
		};
		A6BF7CE627B14E1B0062CC45 /* Build configuration list for PBXNativeTarget "SubmitValue" */ = {
			isa = XCConfigurationList;
			buildConfigurations = (
				A6BF7CE727B14E1B0062CC45 /* Debug */,
				A6BF7CE827B14E1B0062CC45 /* Release */,
			);
			defaultConfigurationIsVisible = 0;
			defaultConfigurationName = Release;
		};
/* End XCConfigurationList section */
	};
	rootObject = A6BF7CCA27B14E1A0062CC45 /* Project object */;
}
