// !$*UTF8*$!
{
	archiveVersion = 1;
	classes = {
	};
	objectVersion = 55;
	objects = {

/* Begin PBXBuildFile section */
		A627DCFB287EF4E200195108 /* Theme.swift in Sources */ = {isa = PBXBuildFile; fileRef = A627DCFA287EF4E200195108 /* Theme.swift */; };
		A627DCFD28804AA200195108 /* DailyScrum.swift in Sources */ = {isa = PBXBuildFile; fileRef = A627DCFC28804AA200195108 /* DailyScrum.swift */; };
		A627DCFF2882DE6000195108 /* CardView.swift in Sources */ = {isa = PBXBuildFile; fileRef = A627DCFE2882DE6000195108 /* CardView.swift */; };
		A627DD012885114200195108 /* TrailingIconLabelStyle.swift in Sources */ = {isa = PBXBuildFile; fileRef = A627DD002885114200195108 /* TrailingIconLabelStyle.swift */; };
		A627DD0528852E0300195108 /* ScrumsView.swift in Sources */ = {isa = PBXBuildFile; fileRef = A627DD0428852E0300195108 /* ScrumsView.swift */; };
		A627DD072885335800195108 /* DetailView.swift in Sources */ = {isa = PBXBuildFile; fileRef = A627DD062885335800195108 /* DetailView.swift */; };
		A627DD092885526D00195108 /* DetailEditView.swift in Sources */ = {isa = PBXBuildFile; fileRef = A627DD082885526D00195108 /* DetailEditView.swift */; };
		A627DD0B288599C200195108 /* ThemeView.swift in Sources */ = {isa = PBXBuildFile; fileRef = A627DD0A288599C200195108 /* ThemeView.swift */; };
		A627DD0D28859B6F00195108 /* ThemePicker.swift in Sources */ = {isa = PBXBuildFile; fileRef = A627DD0C28859B6F00195108 /* ThemePicker.swift */; };
		A627DD0F2886738700195108 /* MeetingHeaderView.swift in Sources */ = {isa = PBXBuildFile; fileRef = A627DD0E2886738700195108 /* MeetingHeaderView.swift */; };
		A627DD11288679D000195108 /* ScrumProgressViewStyle.swift in Sources */ = {isa = PBXBuildFile; fileRef = A627DD10288679D000195108 /* ScrumProgressViewStyle.swift */; };
		A627DD1528867BC300195108 /* ScrumTimer.swift in Sources */ = {isa = PBXBuildFile; fileRef = A627DD1428867BC300195108 /* ScrumTimer.swift */; };
		A627DD1728867BCD00195108 /* AVPlayer+Ding.swift in Sources */ = {isa = PBXBuildFile; fileRef = A627DD1628867BCD00195108 /* AVPlayer+Ding.swift */; };
		A627DD19288685B000195108 /* MeetingFooterView.swift in Sources */ = {isa = PBXBuildFile; fileRef = A627DD18288685B000195108 /* MeetingFooterView.swift */; };
		A627DD1B28869BB500195108 /* History.swift in Sources */ = {isa = PBXBuildFile; fileRef = A627DD1A28869BB500195108 /* History.swift */; };
		A627DD1D2886A37500195108 /* ScrumStore.swift in Sources */ = {isa = PBXBuildFile; fileRef = A627DD1C2886A37500195108 /* ScrumStore.swift */; };
		A627DD2128892C7600195108 /* ErrorWrapper.swift in Sources */ = {isa = PBXBuildFile; fileRef = A627DD2028892C7600195108 /* ErrorWrapper.swift */; };
		A627DD2328892E6E00195108 /* ErrorView.swift in Sources */ = {isa = PBXBuildFile; fileRef = A627DD2228892E6E00195108 /* ErrorView.swift */; };
		A6CF24D6287C5E3D0023BA74 /* ScrumdingerApp.swift in Sources */ = {isa = PBXBuildFile; fileRef = A6CF24D5287C5E3D0023BA74 /* ScrumdingerApp.swift */; };
		A6CF24D8287C5E3D0023BA74 /* MeetingView.swift in Sources */ = {isa = PBXBuildFile; fileRef = A6CF24D7287C5E3D0023BA74 /* MeetingView.swift */; };
		A6CF24DA287C5E3F0023BA74 /* Assets.xcassets in Resources */ = {isa = PBXBuildFile; fileRef = A6CF24D9287C5E3F0023BA74 /* Assets.xcassets */; };
		A6CF24DD287C5E3F0023BA74 /* Preview Assets.xcassets in Resources */ = {isa = PBXBuildFile; fileRef = A6CF24DC287C5E3F0023BA74 /* Preview Assets.xcassets */; };
/* End PBXBuildFile section */

/* Begin PBXFileReference section */
		A627DCFA287EF4E200195108 /* Theme.swift */ = {isa = PBXFileReference; lastKnownFileType = sourcecode.swift; path = Theme.swift; sourceTree = "<group>"; };
		A627DCFC28804AA200195108 /* DailyScrum.swift */ = {isa = PBXFileReference; lastKnownFileType = sourcecode.swift; path = DailyScrum.swift; sourceTree = "<group>"; };
		A627DCFE2882DE6000195108 /* CardView.swift */ = {isa = PBXFileReference; lastKnownFileType = sourcecode.swift; path = CardView.swift; sourceTree = "<group>"; };
		A627DD002885114200195108 /* TrailingIconLabelStyle.swift */ = {isa = PBXFileReference; lastKnownFileType = sourcecode.swift; path = TrailingIconLabelStyle.swift; sourceTree = "<group>"; };
		A627DD0428852E0300195108 /* ScrumsView.swift */ = {isa = PBXFileReference; lastKnownFileType = sourcecode.swift; path = ScrumsView.swift; sourceTree = "<group>"; };
		A627DD062885335800195108 /* DetailView.swift */ = {isa = PBXFileReference; lastKnownFileType = sourcecode.swift; path = DetailView.swift; sourceTree = "<group>"; };
		A627DD082885526D00195108 /* DetailEditView.swift */ = {isa = PBXFileReference; lastKnownFileType = sourcecode.swift; path = DetailEditView.swift; sourceTree = "<group>"; };
		A627DD0A288599C200195108 /* ThemeView.swift */ = {isa = PBXFileReference; lastKnownFileType = sourcecode.swift; path = ThemeView.swift; sourceTree = "<group>"; };
		A627DD0C28859B6F00195108 /* ThemePicker.swift */ = {isa = PBXFileReference; lastKnownFileType = sourcecode.swift; path = ThemePicker.swift; sourceTree = "<group>"; };
		A627DD0E2886738700195108 /* MeetingHeaderView.swift */ = {isa = PBXFileReference; lastKnownFileType = sourcecode.swift; path = MeetingHeaderView.swift; sourceTree = "<group>"; };
		A627DD10288679D000195108 /* ScrumProgressViewStyle.swift */ = {isa = PBXFileReference; fileEncoding = 4; lastKnownFileType = sourcecode.swift; path = ScrumProgressViewStyle.swift; sourceTree = "<group>"; };
		A627DD1428867BC300195108 /* ScrumTimer.swift */ = {isa = PBXFileReference; fileEncoding = 4; lastKnownFileType = sourcecode.swift; path = ScrumTimer.swift; sourceTree = "<group>"; };
		A627DD1628867BCD00195108 /* AVPlayer+Ding.swift */ = {isa = PBXFileReference; fileEncoding = 4; lastKnownFileType = sourcecode.swift; path = "AVPlayer+Ding.swift"; sourceTree = "<group>"; };
		A627DD18288685B000195108 /* MeetingFooterView.swift */ = {isa = PBXFileReference; lastKnownFileType = sourcecode.swift; path = MeetingFooterView.swift; sourceTree = "<group>"; };
		A627DD1A28869BB500195108 /* History.swift */ = {isa = PBXFileReference; lastKnownFileType = sourcecode.swift; path = History.swift; sourceTree = "<group>"; };
		A627DD1C2886A37500195108 /* ScrumStore.swift */ = {isa = PBXFileReference; lastKnownFileType = sourcecode.swift; path = ScrumStore.swift; sourceTree = "<group>"; };
		A627DD2028892C7600195108 /* ErrorWrapper.swift */ = {isa = PBXFileReference; lastKnownFileType = sourcecode.swift; path = ErrorWrapper.swift; sourceTree = "<group>"; };
		A627DD2228892E6E00195108 /* ErrorView.swift */ = {isa = PBXFileReference; lastKnownFileType = sourcecode.swift; path = ErrorView.swift; sourceTree = "<group>"; };
		A6CF24D2287C5E3D0023BA74 /* Scrumdinger.app */ = {isa = PBXFileReference; explicitFileType = wrapper.application; includeInIndex = 0; path = Scrumdinger.app; sourceTree = BUILT_PRODUCTS_DIR; };
		A6CF24D5287C5E3D0023BA74 /* ScrumdingerApp.swift */ = {isa = PBXFileReference; lastKnownFileType = sourcecode.swift; path = ScrumdingerApp.swift; sourceTree = "<group>"; };
		A6CF24D7287C5E3D0023BA74 /* MeetingView.swift */ = {isa = PBXFileReference; lastKnownFileType = sourcecode.swift; path = MeetingView.swift; sourceTree = "<group>"; };
		A6CF24D9287C5E3F0023BA74 /* Assets.xcassets */ = {isa = PBXFileReference; lastKnownFileType = folder.assetcatalog; path = Assets.xcassets; sourceTree = "<group>"; };
		A6CF24DC287C5E3F0023BA74 /* Preview Assets.xcassets */ = {isa = PBXFileReference; lastKnownFileType = folder.assetcatalog; path = "Preview Assets.xcassets"; sourceTree = "<group>"; };
/* End PBXFileReference section */

/* Begin PBXFrameworksBuildPhase section */
		A6CF24CF287C5E3D0023BA74 /* Frameworks */ = {
			isa = PBXFrameworksBuildPhase;
			buildActionMask = 2147483647;
			files = (
			);
			runOnlyForDeploymentPostprocessing = 0;
		};
/* End PBXFrameworksBuildPhase section */

/* Begin PBXGroup section */
		A627DCF9287EF4B900195108 /* Models */ = {
			isa = PBXGroup;
			children = (
				A627DD1628867BCD00195108 /* AVPlayer+Ding.swift */,
				A627DD1428867BC300195108 /* ScrumTimer.swift */,
				A627DCFA287EF4E200195108 /* Theme.swift */,
				A627DCFC28804AA200195108 /* DailyScrum.swift */,
				A627DD1A28869BB500195108 /* History.swift */,
				A627DD1C2886A37500195108 /* ScrumStore.swift */,
				A627DD2028892C7600195108 /* ErrorWrapper.swift */,
			);
			path = Models;
			sourceTree = "<group>";
		};
		A6CF24C9287C5E3D0023BA74 = {
			isa = PBXGroup;
			children = (
				A6CF24D4287C5E3D0023BA74 /* Scrumdinger */,
				A6CF24D3287C5E3D0023BA74 /* Products */,
			);
			sourceTree = "<group>";
		};
		A6CF24D3287C5E3D0023BA74 /* Products */ = {
			isa = PBXGroup;
			children = (
				A6CF24D2287C5E3D0023BA74 /* Scrumdinger.app */,
			);
			name = Products;
			sourceTree = "<group>";
		};
		A6CF24D4287C5E3D0023BA74 /* Scrumdinger */ = {
			isa = PBXGroup;
			children = (
				A627DCF9287EF4B900195108 /* Models */,
				A627DD10288679D000195108 /* ScrumProgressViewStyle.swift */,
				A6CF24D5287C5E3D0023BA74 /* ScrumdingerApp.swift */,
				A6CF24D7287C5E3D0023BA74 /* MeetingView.swift */,
				A6CF24D9287C5E3F0023BA74 /* Assets.xcassets */,
				A627DCFE2882DE6000195108 /* CardView.swift */,
				A627DD002885114200195108 /* TrailingIconLabelStyle.swift */,
				A627DD0428852E0300195108 /* ScrumsView.swift */,
				A627DD062885335800195108 /* DetailView.swift */,
				A627DD082885526D00195108 /* DetailEditView.swift */,
				A627DD0A288599C200195108 /* ThemeView.swift */,
				A627DD0C28859B6F00195108 /* ThemePicker.swift */,
				A627DD0E2886738700195108 /* MeetingHeaderView.swift */,
				A627DD18288685B000195108 /* MeetingFooterView.swift */,
				A6CF24DB287C5E3F0023BA74 /* Preview Content */,
				A627DD2228892E6E00195108 /* ErrorView.swift */,
			);
			path = Scrumdinger;
			sourceTree = "<group>";
		};
		A6CF24DB287C5E3F0023BA74 /* Preview Content */ = {
			isa = PBXGroup;
			children = (
				A6CF24DC287C5E3F0023BA74 /* Preview Assets.xcassets */,
			);
			path = "Preview Content";
			sourceTree = "<group>";
		};
/* End PBXGroup section */

/* Begin PBXNativeTarget section */
		A6CF24D1287C5E3D0023BA74 /* Scrumdinger */ = {
			isa = PBXNativeTarget;
			buildConfigurationList = A6CF24E0287C5E3F0023BA74 /* Build configuration list for PBXNativeTarget "Scrumdinger" */;
			buildPhases = (
				A6CF24CE287C5E3D0023BA74 /* Sources */,
				A6CF24CF287C5E3D0023BA74 /* Frameworks */,
				A6CF24D0287C5E3D0023BA74 /* Resources */,
			);
			buildRules = (
			);
			dependencies = (
			);
			name = Scrumdinger;
			productName = Scrumdinger;
			productReference = A6CF24D2287C5E3D0023BA74 /* Scrumdinger.app */;
			productType = "com.apple.product-type.application";
		};
/* End PBXNativeTarget section */

/* Begin PBXProject section */
		A6CF24CA287C5E3D0023BA74 /* Project object */ = {
			isa = PBXProject;
			attributes = {
				BuildIndependentTargetsInParallel = 1;
				LastSwiftUpdateCheck = 1340;
				LastUpgradeCheck = 1340;
				TargetAttributes = {
					A6CF24D1287C5E3D0023BA74 = {
						CreatedOnToolsVersion = 13.4.1;
					};
				};
			};
			buildConfigurationList = A6CF24CD287C5E3D0023BA74 /* Build configuration list for PBXProject "Scrumdinger" */;
			compatibilityVersion = "Xcode 13.0";
			developmentRegion = en;
			hasScannedForEncodings = 0;
			knownRegions = (
				en,
				Base,
			);
			mainGroup = A6CF24C9287C5E3D0023BA74;
			productRefGroup = A6CF24D3287C5E3D0023BA74 /* Products */;
			projectDirPath = "";
			projectRoot = "";
			targets = (
				A6CF24D1287C5E3D0023BA74 /* Scrumdinger */,
			);
		};
/* End PBXProject section */

/* Begin PBXResourcesBuildPhase section */
		A6CF24D0287C5E3D0023BA74 /* Resources */ = {
			isa = PBXResourcesBuildPhase;
			buildActionMask = 2147483647;
			files = (
				A6CF24DD287C5E3F0023BA74 /* Preview Assets.xcassets in Resources */,
				A6CF24DA287C5E3F0023BA74 /* Assets.xcassets in Resources */,
			);
			runOnlyForDeploymentPostprocessing = 0;
		};
/* End PBXResourcesBuildPhase section */

/* Begin PBXSourcesBuildPhase section */
		A6CF24CE287C5E3D0023BA74 /* Sources */ = {
			isa = PBXSourcesBuildPhase;
			buildActionMask = 2147483647;
			files = (
				A627DD1B28869BB500195108 /* History.swift in Sources */,
				A627DD0D28859B6F00195108 /* ThemePicker.swift in Sources */,
				A627DD11288679D000195108 /* ScrumProgressViewStyle.swift in Sources */,
				A627DCFD28804AA200195108 /* DailyScrum.swift in Sources */,
				A627DD1D2886A37500195108 /* ScrumStore.swift in Sources */,
				A627DD072885335800195108 /* DetailView.swift in Sources */,
				A627DD0F2886738700195108 /* MeetingHeaderView.swift in Sources */,
				A627DD19288685B000195108 /* MeetingFooterView.swift in Sources */,
				A627DD092885526D00195108 /* DetailEditView.swift in Sources */,
				A627DD012885114200195108 /* TrailingIconLabelStyle.swift in Sources */,
				A627DD2128892C7600195108 /* ErrorWrapper.swift in Sources */,
				A627DCFB287EF4E200195108 /* Theme.swift in Sources */,
				A627DD1528867BC300195108 /* ScrumTimer.swift in Sources */,
				A627DD0528852E0300195108 /* ScrumsView.swift in Sources */,
				A6CF24D8287C5E3D0023BA74 /* MeetingView.swift in Sources */,
				A627DD2328892E6E00195108 /* ErrorView.swift in Sources */,
				A6CF24D6287C5E3D0023BA74 /* ScrumdingerApp.swift in Sources */,
				A627DD0B288599C200195108 /* ThemeView.swift in Sources */,
				A627DCFF2882DE6000195108 /* CardView.swift in Sources */,
				A627DD1728867BCD00195108 /* AVPlayer+Ding.swift in Sources */,
			);
			runOnlyForDeploymentPostprocessing = 0;
		};
/* End PBXSourcesBuildPhase section */

/* Begin XCBuildConfiguration section */
		A6CF24DE287C5E3F0023BA74 /* Debug */ = {
			isa = XCBuildConfiguration;
			buildSettings = {
				ALWAYS_SEARCH_USER_PATHS = NO;
				CLANG_ANALYZER_NONNULL = YES;
				CLANG_ANALYZER_NUMBER_OBJECT_CONVERSION = YES_AGGRESSIVE;
				CLANG_CXX_LANGUAGE_STANDARD = "gnu++17";
				CLANG_ENABLE_MODULES = YES;
				CLANG_ENABLE_OBJC_ARC = YES;
				CLANG_ENABLE_OBJC_WEAK = YES;
				CLANG_WARN_BLOCK_CAPTURE_AUTORELEASING = YES;
				CLANG_WARN_BOOL_CONVERSION = YES;
				CLANG_WARN_COMMA = YES;
				CLANG_WARN_CONSTANT_CONVERSION = YES;
				CLANG_WARN_DEPRECATED_OBJC_IMPLEMENTATIONS = YES;
				CLANG_WARN_DIRECT_OBJC_ISA_USAGE = YES_ERROR;
				CLANG_WARN_DOCUMENTATION_COMMENTS = YES;
				CLANG_WARN_EMPTY_BODY = YES;
				CLANG_WARN_ENUM_CONVERSION = YES;
				CLANG_WARN_INFINITE_RECURSION = YES;
				CLANG_WARN_INT_CONVERSION = YES;
				CLANG_WARN_NON_LITERAL_NULL_CONVERSION = YES;
				CLANG_WARN_OBJC_IMPLICIT_RETAIN_SELF = YES;
				CLANG_WARN_OBJC_LITERAL_CONVERSION = YES;
				CLANG_WARN_OBJC_ROOT_CLASS = YES_ERROR;
				CLANG_WARN_QUOTED_INCLUDE_IN_FRAMEWORK_HEADER = YES;
				CLANG_WARN_RANGE_LOOP_ANALYSIS = YES;
				CLANG_WARN_STRICT_PROTOTYPES = YES;
				CLANG_WARN_SUSPICIOUS_MOVE = YES;
				CLANG_WARN_UNGUARDED_AVAILABILITY = YES_AGGRESSIVE;
				CLANG_WARN_UNREACHABLE_CODE = YES;
				CLANG_WARN__DUPLICATE_METHOD_MATCH = YES;
				COPY_PHASE_STRIP = NO;
				DEBUG_INFORMATION_FORMAT = dwarf;
				ENABLE_STRICT_OBJC_MSGSEND = YES;
				ENABLE_TESTABILITY = YES;
				GCC_C_LANGUAGE_STANDARD = gnu11;
				GCC_DYNAMIC_NO_PIC = NO;
				GCC_NO_COMMON_BLOCKS = YES;
				GCC_OPTIMIZATION_LEVEL = 0;
				GCC_PREPROCESSOR_DEFINITIONS = (
					"DEBUG=1",
					"$(inherited)",
				);
				GCC_WARN_64_TO_32_BIT_CONVERSION = YES;
				GCC_WARN_ABOUT_RETURN_TYPE = YES_ERROR;
				GCC_WARN_UNDECLARED_SELECTOR = YES;
				GCC_WARN_UNINITIALIZED_AUTOS = YES_AGGRESSIVE;
				GCC_WARN_UNUSED_FUNCTION = YES;
				GCC_WARN_UNUSED_VARIABLE = YES;
				IPHONEOS_DEPLOYMENT_TARGET = 15.5;
				MTL_ENABLE_DEBUG_INFO = INCLUDE_SOURCE;
				MTL_FAST_MATH = YES;
				ONLY_ACTIVE_ARCH = YES;
				SDKROOT = iphoneos;
				SWIFT_ACTIVE_COMPILATION_CONDITIONS = DEBUG;
				SWIFT_OPTIMIZATION_LEVEL = "-Onone";
			};
			name = Debug;
		};
		A6CF24DF287C5E3F0023BA74 /* Release */ = {
			isa = XCBuildConfiguration;
			buildSettings = {
				ALWAYS_SEARCH_USER_PATHS = NO;
				CLANG_ANALYZER_NONNULL = YES;
				CLANG_ANALYZER_NUMBER_OBJECT_CONVERSION = YES_AGGRESSIVE;
				CLANG_CXX_LANGUAGE_STANDARD = "gnu++17";
				CLANG_ENABLE_MODULES = YES;
				CLANG_ENABLE_OBJC_ARC = YES;
				CLANG_ENABLE_OBJC_WEAK = YES;
				CLANG_WARN_BLOCK_CAPTURE_AUTORELEASING = YES;
				CLANG_WARN_BOOL_CONVERSION = YES;
				CLANG_WARN_COMMA = YES;
				CLANG_WARN_CONSTANT_CONVERSION = YES;
				CLANG_WARN_DEPRECATED_OBJC_IMPLEMENTATIONS = YES;
				CLANG_WARN_DIRECT_OBJC_ISA_USAGE = YES_ERROR;
				CLANG_WARN_DOCUMENTATION_COMMENTS = YES;
				CLANG_WARN_EMPTY_BODY = YES;
				CLANG_WARN_ENUM_CONVERSION = YES;
				CLANG_WARN_INFINITE_RECURSION = YES;
				CLANG_WARN_INT_CONVERSION = YES;
				CLANG_WARN_NON_LITERAL_NULL_CONVERSION = YES;
				CLANG_WARN_OBJC_IMPLICIT_RETAIN_SELF = YES;
				CLANG_WARN_OBJC_LITERAL_CONVERSION = YES;
				CLANG_WARN_OBJC_ROOT_CLASS = YES_ERROR;
				CLANG_WARN_QUOTED_INCLUDE_IN_FRAMEWORK_HEADER = YES;
				CLANG_WARN_RANGE_LOOP_ANALYSIS = YES;
				CLANG_WARN_STRICT_PROTOTYPES = YES;
				CLANG_WARN_SUSPICIOUS_MOVE = YES;
				CLANG_WARN_UNGUARDED_AVAILABILITY = YES_AGGRESSIVE;
				CLANG_WARN_UNREACHABLE_CODE = YES;
				CLANG_WARN__DUPLICATE_METHOD_MATCH = YES;
				COPY_PHASE_STRIP = NO;
				DEBUG_INFORMATION_FORMAT = "dwarf-with-dsym";
				ENABLE_NS_ASSERTIONS = NO;
				ENABLE_STRICT_OBJC_MSGSEND = YES;
				GCC_C_LANGUAGE_STANDARD = gnu11;
				GCC_NO_COMMON_BLOCKS = YES;
				GCC_WARN_64_TO_32_BIT_CONVERSION = YES;
				GCC_WARN_ABOUT_RETURN_TYPE = YES_ERROR;
				GCC_WARN_UNDECLARED_SELECTOR = YES;
				GCC_WARN_UNINITIALIZED_AUTOS = YES_AGGRESSIVE;
				GCC_WARN_UNUSED_FUNCTION = YES;
				GCC_WARN_UNUSED_VARIABLE = YES;
				IPHONEOS_DEPLOYMENT_TARGET = 15.5;
				MTL_ENABLE_DEBUG_INFO = NO;
				MTL_FAST_MATH = YES;
				SDKROOT = iphoneos;
				SWIFT_COMPILATION_MODE = wholemodule;
				SWIFT_OPTIMIZATION_LEVEL = "-O";
				VALIDATE_PRODUCT = YES;
			};
			name = Release;
		};
		A6CF24E1287C5E3F0023BA74 /* Debug */ = {
			isa = XCBuildConfiguration;
			buildSettings = {
				ASSETCATALOG_COMPILER_APPICON_NAME = AppIcon;
				ASSETCATALOG_COMPILER_GLOBAL_ACCENT_COLOR_NAME = AccentColor;
				CODE_SIGN_STYLE = Automatic;
				CURRENT_PROJECT_VERSION = 1;
				DEVELOPMENT_ASSET_PATHS = "\"Scrumdinger/Preview Content\"";
				DEVELOPMENT_TEAM = 3N2D6D7SCN;
				ENABLE_PREVIEWS = YES;
				GENERATE_INFOPLIST_FILE = YES;
				INFOPLIST_KEY_UIApplicationSceneManifest_Generation = YES;
				INFOPLIST_KEY_UIApplicationSupportsIndirectInputEvents = YES;
				INFOPLIST_KEY_UILaunchScreen_Generation = YES;
				INFOPLIST_KEY_UISupportedInterfaceOrientations_iPad = "UIInterfaceOrientationPortrait UIInterfaceOrientationPortraitUpsideDown UIInterfaceOrientationLandscapeLeft UIInterfaceOrientationLandscapeRight";
				INFOPLIST_KEY_UISupportedInterfaceOrientations_iPhone = "UIInterfaceOrientationPortrait UIInterfaceOrientationLandscapeLeft UIInterfaceOrientationLandscapeRight";
				IPHONEOS_DEPLOYMENT_TARGET = 15.0;
				LD_RUNPATH_SEARCH_PATHS = (
					"$(inherited)",
					"@executable_path/Frameworks",
				);
				MARKETING_VERSION = 1.0;
				PRODUCT_BUNDLE_IDENTIFIER = com.ohs.Scrumdinger;
				PRODUCT_NAME = "$(TARGET_NAME)";
				SWIFT_EMIT_LOC_STRINGS = YES;
				SWIFT_VERSION = 5.0;
				TARGETED_DEVICE_FAMILY = "1,2";
			};
			name = Debug;
		};
		A6CF24E2287C5E3F0023BA74 /* Release */ = {
			isa = XCBuildConfiguration;
			buildSettings = {
				ASSETCATALOG_COMPILER_APPICON_NAME = AppIcon;
				ASSETCATALOG_COMPILER_GLOBAL_ACCENT_COLOR_NAME = AccentColor;
				CODE_SIGN_STYLE = Automatic;
				CURRENT_PROJECT_VERSION = 1;
				DEVELOPMENT_ASSET_PATHS = "\"Scrumdinger/Preview Content\"";
				DEVELOPMENT_TEAM = 3N2D6D7SCN;
				ENABLE_PREVIEWS = YES;
				GENERATE_INFOPLIST_FILE = YES;
				INFOPLIST_KEY_UIApplicationSceneManifest_Generation = YES;
				INFOPLIST_KEY_UIApplicationSupportsIndirectInputEvents = YES;
				INFOPLIST_KEY_UILaunchScreen_Generation = YES;
				INFOPLIST_KEY_UISupportedInterfaceOrientations_iPad = "UIInterfaceOrientationPortrait UIInterfaceOrientationPortraitUpsideDown UIInterfaceOrientationLandscapeLeft UIInterfaceOrientationLandscapeRight";
				INFOPLIST_KEY_UISupportedInterfaceOrientations_iPhone = "UIInterfaceOrientationPortrait UIInterfaceOrientationLandscapeLeft UIInterfaceOrientationLandscapeRight";
				IPHONEOS_DEPLOYMENT_TARGET = 15.0;
				LD_RUNPATH_SEARCH_PATHS = (
					"$(inherited)",
					"@executable_path/Frameworks",
				);
				MARKETING_VERSION = 1.0;
				PRODUCT_BUNDLE_IDENTIFIER = com.ohs.Scrumdinger;
				PRODUCT_NAME = "$(TARGET_NAME)";
				SWIFT_EMIT_LOC_STRINGS = YES;
				SWIFT_VERSION = 5.0;
				TARGETED_DEVICE_FAMILY = "1,2";
			};
			name = Release;
		};
/* End XCBuildConfiguration section */

/* Begin XCConfigurationList section */
		A6CF24CD287C5E3D0023BA74 /* Build configuration list for PBXProject "Scrumdinger" */ = {
			isa = XCConfigurationList;
			buildConfigurations = (
				A6CF24DE287C5E3F0023BA74 /* Debug */,
				A6CF24DF287C5E3F0023BA74 /* Release */,
			);
			defaultConfigurationIsVisible = 0;
			defaultConfigurationName = Release;
		};
		A6CF24E0287C5E3F0023BA74 /* Build configuration list for PBXNativeTarget "Scrumdinger" */ = {
			isa = XCConfigurationList;
			buildConfigurations = (
				A6CF24E1287C5E3F0023BA74 /* Debug */,
				A6CF24E2287C5E3F0023BA74 /* Release */,
			);
			defaultConfigurationIsVisible = 0;
			defaultConfigurationName = Release;
		};
/* End XCConfigurationList section */
	};
	rootObject = A6CF24CA287C5E3D0023BA74 /* Project object */;
}
