// !$*UTF8*$!
{
	archiveVersion = 1;
	classes = {
	};
	objectVersion = 55;
	objects = {

/* Begin PBXBuildFile section */
		A69F1775288E39F400AF88CC /* stopwatchApp.swift in Sources */ = {isa = PBXBuildFile; fileRef = A69F1774288E39F400AF88CC /* stopwatchApp.swift */; };
		A69F1777288E39F400AF88CC /* ContentView.swift in Sources */ = {isa = PBXBuildFile; fileRef = A69F1776288E39F400AF88CC /* ContentView.swift */; };
		A69F1779288E39F400AF88CC /* Assets.xcassets in Resources */ = {isa = PBXBuildFile; fileRef = A69F1778288E39F400AF88CC /* Assets.xcassets */; };
		A69F177C288E39F400AF88CC /* Preview Assets.xcassets in Resources */ = {isa = PBXBuildFile; fileRef = A69F177B288E39F400AF88CC /* Preview Assets.xcassets */; };
		A69F1783288E4D8600AF88CC /* WatchView.swift in Sources */ = {isa = PBXBuildFile; fileRef = A69F1782288E4D8600AF88CC /* WatchView.swift */; };
		A69F1785288E5D0E00AF88CC /* ButtonView.swift in Sources */ = {isa = PBXBuildFile; fileRef = A69F1784288E5D0E00AF88CC /* ButtonView.swift */; };
		A69F1787288E5F3500AF88CC /* StopWatchManager.swift in Sources */ = {isa = PBXBuildFile; fileRef = A69F1786288E5F3500AF88CC /* StopWatchManager.swift */; };
		A69F17DF2892696D00AF88CC /* LapView.swift in Sources */ = {isa = PBXBuildFile; fileRef = A69F17DE2892696D00AF88CC /* LapView.swift */; };
		A6F2824D28A39E91007A8168 /* StopWatchComponent.swift in Sources */ = {isa = PBXBuildFile; fileRef = A6F2824C28A39E91007A8168 /* StopWatchComponent.swift */; };
/* End PBXBuildFile section */

/* Begin PBXFileReference section */
		A69F1771288E39F400AF88CC /* stopwatch.app */ = {isa = PBXFileReference; explicitFileType = wrapper.application; includeInIndex = 0; path = stopwatch.app; sourceTree = BUILT_PRODUCTS_DIR; };
		A69F1774288E39F400AF88CC /* stopwatchApp.swift */ = {isa = PBXFileReference; lastKnownFileType = sourcecode.swift; path = stopwatchApp.swift; sourceTree = "<group>"; };
		A69F1776288E39F400AF88CC /* ContentView.swift */ = {isa = PBXFileReference; lastKnownFileType = sourcecode.swift; path = ContentView.swift; sourceTree = "<group>"; };
		A69F1778288E39F400AF88CC /* Assets.xcassets */ = {isa = PBXFileReference; lastKnownFileType = folder.assetcatalog; path = Assets.xcassets; sourceTree = "<group>"; };
		A69F177B288E39F400AF88CC /* Preview Assets.xcassets */ = {isa = PBXFileReference; lastKnownFileType = folder.assetcatalog; path = "Preview Assets.xcassets"; sourceTree = "<group>"; };
		A69F1782288E4D8600AF88CC /* WatchView.swift */ = {isa = PBXFileReference; lastKnownFileType = sourcecode.swift; path = WatchView.swift; sourceTree = "<group>"; };
		A69F1784288E5D0E00AF88CC /* ButtonView.swift */ = {isa = PBXFileReference; lastKnownFileType = sourcecode.swift; path = ButtonView.swift; sourceTree = "<group>"; };
		A69F1786288E5F3500AF88CC /* StopWatchManager.swift */ = {isa = PBXFileReference; lastKnownFileType = sourcecode.swift; path = StopWatchManager.swift; sourceTree = "<group>"; };
		A69F17DE2892696D00AF88CC /* LapView.swift */ = {isa = PBXFileReference; lastKnownFileType = sourcecode.swift; path = LapView.swift; sourceTree = "<group>"; };
		A6F2824C28A39E91007A8168 /* StopWatchComponent.swift */ = {isa = PBXFileReference; lastKnownFileType = sourcecode.swift; path = StopWatchComponent.swift; sourceTree = "<group>"; };
/* End PBXFileReference section */

/* Begin PBXFrameworksBuildPhase section */
		A69F176E288E39F400AF88CC /* Frameworks */ = {
			isa = PBXFrameworksBuildPhase;
			buildActionMask = 2147483647;
			files = (
			);
			runOnlyForDeploymentPostprocessing = 0;
		};
/* End PBXFrameworksBuildPhase section */

/* Begin PBXGroup section */
		A69F1768288E39F400AF88CC = {
			isa = PBXGroup;
			children = (
				A69F1773288E39F400AF88CC /* stopwatch */,
				A69F1772288E39F400AF88CC /* Products */,
			);
			sourceTree = "<group>";
		};
		A69F1772288E39F400AF88CC /* Products */ = {
			isa = PBXGroup;
			children = (
				A69F1771288E39F400AF88CC /* stopwatch.app */,
			);
			name = Products;
			sourceTree = "<group>";
		};
		A69F1773288E39F400AF88CC /* stopwatch */ = {
			isa = PBXGroup;
			children = (
				A69F1774288E39F400AF88CC /* stopwatchApp.swift */,
				A6F2824728A39CF7007A8168 /* Model */,
				A6F2824828A39D03007A8168 /* View */,
				A6F2824928A39D0E007A8168 /* ViewModel */,
				A69F177A288E39F400AF88CC /* Preview Content */,
			);
			path = stopwatch;
			sourceTree = "<group>";
		};
		A69F177A288E39F400AF88CC /* Preview Content */ = {
			isa = PBXGroup;
			children = (
				A69F1778288E39F400AF88CC /* Assets.xcassets */,
				A69F177B288E39F400AF88CC /* Preview Assets.xcassets */,
			);
			path = "Preview Content";
			sourceTree = "<group>";
		};
		A6F2824728A39CF7007A8168 /* Model */ = {
			isa = PBXGroup;
			children = (
				A6F2824C28A39E91007A8168 /* StopWatchComponent.swift */,
			);
			path = Model;
			sourceTree = "<group>";
		};
		A6F2824828A39D03007A8168 /* View */ = {
			isa = PBXGroup;
			children = (
				A69F17DE2892696D00AF88CC /* LapView.swift */,
				A69F1784288E5D0E00AF88CC /* ButtonView.swift */,
				A69F1782288E4D8600AF88CC /* WatchView.swift */,
				A69F1776288E39F400AF88CC /* ContentView.swift */,
			);
			path = View;
			sourceTree = "<group>";
		};
		A6F2824928A39D0E007A8168 /* ViewModel */ = {
			isa = PBXGroup;
			children = (
				A69F1786288E5F3500AF88CC /* StopWatchManager.swift */,
			);
			path = ViewModel;
			sourceTree = "<group>";
		};
/* End PBXGroup section */

/* Begin PBXNativeTarget section */
		A69F1770288E39F400AF88CC /* stopwatch */ = {
			isa = PBXNativeTarget;
			buildConfigurationList = A69F177F288E39F400AF88CC /* Build configuration list for PBXNativeTarget "stopwatch" */;
			buildPhases = (
				A69F176D288E39F400AF88CC /* Sources */,
				A69F176E288E39F400AF88CC /* Frameworks */,
				A69F176F288E39F400AF88CC /* Resources */,
			);
			buildRules = (
			);
			dependencies = (
			);
			name = stopwatch;
			productName = stopwatch;
			productReference = A69F1771288E39F400AF88CC /* stopwatch.app */;
			productType = "com.apple.product-type.application";
		};
/* End PBXNativeTarget section */

/* Begin PBXProject section */
		A69F1769288E39F400AF88CC /* Project object */ = {
			isa = PBXProject;
			attributes = {
				BuildIndependentTargetsInParallel = 1;
				LastSwiftUpdateCheck = 1340;
				LastUpgradeCheck = 1340;
				TargetAttributes = {
					A69F1770288E39F400AF88CC = {
						CreatedOnToolsVersion = 13.4.1;
					};
				};
			};
			buildConfigurationList = A69F176C288E39F400AF88CC /* Build configuration list for PBXProject "stopwatch" */;
			compatibilityVersion = "Xcode 13.0";
			developmentRegion = en;
			hasScannedForEncodings = 0;
			knownRegions = (
				en,
				Base,
			);
			mainGroup = A69F1768288E39F400AF88CC;
			productRefGroup = A69F1772288E39F400AF88CC /* Products */;
			projectDirPath = "";
			projectRoot = "";
			targets = (
				A69F1770288E39F400AF88CC /* stopwatch */,
			);
		};
/* End PBXProject section */

/* Begin PBXResourcesBuildPhase section */
		A69F176F288E39F400AF88CC /* Resources */ = {
			isa = PBXResourcesBuildPhase;
			buildActionMask = 2147483647;
			files = (
				A69F177C288E39F400AF88CC /* Preview Assets.xcassets in Resources */,
				A69F1779288E39F400AF88CC /* Assets.xcassets in Resources */,
			);
			runOnlyForDeploymentPostprocessing = 0;
		};
/* End PBXResourcesBuildPhase section */

/* Begin PBXSourcesBuildPhase section */
		A69F176D288E39F400AF88CC /* Sources */ = {
			isa = PBXSourcesBuildPhase;
			buildActionMask = 2147483647;
			files = (
				A69F17DF2892696D00AF88CC /* LapView.swift in Sources */,
				A69F1777288E39F400AF88CC /* ContentView.swift in Sources */,
				A69F1787288E5F3500AF88CC /* StopWatchManager.swift in Sources */,
				A69F1785288E5D0E00AF88CC /* ButtonView.swift in Sources */,
				A69F1775288E39F400AF88CC /* stopwatchApp.swift in Sources */,
				A69F1783288E4D8600AF88CC /* WatchView.swift in Sources */,
				A6F2824D28A39E91007A8168 /* StopWatchComponent.swift in Sources */,
			);
			runOnlyForDeploymentPostprocessing = 0;
		};
/* End PBXSourcesBuildPhase section */

/* Begin XCBuildConfiguration section */
		A69F177D288E39F400AF88CC /* Debug */ = {
			isa = XCBuildConfiguration;
			buildSettings = {
				ALWAYS_SEARCH_USER_PATHS = NO;
				CLANG_ANALYZER_NONNULL = YES;
				CLANG_ANALYZER_NUMBER_OBJECT_CONVERSION = YES_AGGRESSIVE;
				CLANG_CXX_LANGUAGE_STANDARD = "gnu++17";
				CLANG_ENABLE_MODULES = YES;
				CLANG_ENABLE_OBJC_ARC = YES;
				CLANG_ENABLE_OBJC_WEAK = YES;
				CLANG_WARN_BLOCK_CAPTURE_AUTORELEASING = YES;
				CLANG_WARN_BOOL_CONVERSION = YES;
				CLANG_WARN_COMMA = YES;
				CLANG_WARN_CONSTANT_CONVERSION = YES;
				CLANG_WARN_DEPRECATED_OBJC_IMPLEMENTATIONS = YES;
				CLANG_WARN_DIRECT_OBJC_ISA_USAGE = YES_ERROR;
				CLANG_WARN_DOCUMENTATION_COMMENTS = YES;
				CLANG_WARN_EMPTY_BODY = YES;
				CLANG_WARN_ENUM_CONVERSION = YES;
				CLANG_WARN_INFINITE_RECURSION = YES;
				CLANG_WARN_INT_CONVERSION = YES;
				CLANG_WARN_NON_LITERAL_NULL_CONVERSION = YES;
				CLANG_WARN_OBJC_IMPLICIT_RETAIN_SELF = YES;
				CLANG_WARN_OBJC_LITERAL_CONVERSION = YES;
				CLANG_WARN_OBJC_ROOT_CLASS = YES_ERROR;
				CLANG_WARN_QUOTED_INCLUDE_IN_FRAMEWORK_HEADER = YES;
				CLANG_WARN_RANGE_LOOP_ANALYSIS = YES;
				CLANG_WARN_STRICT_PROTOTYPES = YES;
				CLANG_WARN_SUSPICIOUS_MOVE = YES;
				CLANG_WARN_UNGUARDED_AVAILABILITY = YES_AGGRESSIVE;
				CLANG_WARN_UNREACHABLE_CODE = YES;
				CLANG_WARN__DUPLICATE_METHOD_MATCH = YES;
				COPY_PHASE_STRIP = NO;
				DEBUG_INFORMATION_FORMAT = dwarf;
				ENABLE_STRICT_OBJC_MSGSEND = YES;
				ENABLE_TESTABILITY = YES;
				GCC_C_LANGUAGE_STANDARD = gnu11;
				GCC_DYNAMIC_NO_PIC = NO;
				GCC_NO_COMMON_BLOCKS = YES;
				GCC_OPTIMIZATION_LEVEL = 0;
				GCC_PREPROCESSOR_DEFINITIONS = (
					"DEBUG=1",
					"$(inherited)",
				);
				GCC_WARN_64_TO_32_BIT_CONVERSION = YES;
				GCC_WARN_ABOUT_RETURN_TYPE = YES_ERROR;
				GCC_WARN_UNDECLARED_SELECTOR = YES;
				GCC_WARN_UNINITIALIZED_AUTOS = YES_AGGRESSIVE;
				GCC_WARN_UNUSED_FUNCTION = YES;
				GCC_WARN_UNUSED_VARIABLE = YES;
				IPHONEOS_DEPLOYMENT_TARGET = 15.5;
				MTL_ENABLE_DEBUG_INFO = INCLUDE_SOURCE;
				MTL_FAST_MATH = YES;
				ONLY_ACTIVE_ARCH = YES;
				SDKROOT = iphoneos;
				SWIFT_ACTIVE_COMPILATION_CONDITIONS = DEBUG;
				SWIFT_OPTIMIZATION_LEVEL = "-Onone";
			};
			name = Debug;
		};
		A69F177E288E39F400AF88CC /* Release */ = {
			isa = XCBuildConfiguration;
			buildSettings = {
				ALWAYS_SEARCH_USER_PATHS = NO;
				CLANG_ANALYZER_NONNULL = YES;
				CLANG_ANALYZER_NUMBER_OBJECT_CONVERSION = YES_AGGRESSIVE;
				CLANG_CXX_LANGUAGE_STANDARD = "gnu++17";
				CLANG_ENABLE_MODULES = YES;
				CLANG_ENABLE_OBJC_ARC = YES;
				CLANG_ENABLE_OBJC_WEAK = YES;
				CLANG_WARN_BLOCK_CAPTURE_AUTORELEASING = YES;
				CLANG_WARN_BOOL_CONVERSION = YES;
				CLANG_WARN_COMMA = YES;
				CLANG_WARN_CONSTANT_CONVERSION = YES;
				CLANG_WARN_DEPRECATED_OBJC_IMPLEMENTATIONS = YES;
				CLANG_WARN_DIRECT_OBJC_ISA_USAGE = YES_ERROR;
				CLANG_WARN_DOCUMENTATION_COMMENTS = YES;
				CLANG_WARN_EMPTY_BODY = YES;
				CLANG_WARN_ENUM_CONVERSION = YES;
				CLANG_WARN_INFINITE_RECURSION = YES;
				CLANG_WARN_INT_CONVERSION = YES;
				CLANG_WARN_NON_LITERAL_NULL_CONVERSION = YES;
				CLANG_WARN_OBJC_IMPLICIT_RETAIN_SELF = YES;
				CLANG_WARN_OBJC_LITERAL_CONVERSION = YES;
				CLANG_WARN_OBJC_ROOT_CLASS = YES_ERROR;
				CLANG_WARN_QUOTED_INCLUDE_IN_FRAMEWORK_HEADER = YES;
				CLANG_WARN_RANGE_LOOP_ANALYSIS = YES;
				CLANG_WARN_STRICT_PROTOTYPES = YES;
				CLANG_WARN_SUSPICIOUS_MOVE = YES;
				CLANG_WARN_UNGUARDED_AVAILABILITY = YES_AGGRESSIVE;
				CLANG_WARN_UNREACHABLE_CODE = YES;
				CLANG_WARN__DUPLICATE_METHOD_MATCH = YES;
				COPY_PHASE_STRIP = NO;
				DEBUG_INFORMATION_FORMAT = "dwarf-with-dsym";
				ENABLE_NS_ASSERTIONS = NO;
				ENABLE_STRICT_OBJC_MSGSEND = YES;
				GCC_C_LANGUAGE_STANDARD = gnu11;
				GCC_NO_COMMON_BLOCKS = YES;
				GCC_WARN_64_TO_32_BIT_CONVERSION = YES;
				GCC_WARN_ABOUT_RETURN_TYPE = YES_ERROR;
				GCC_WARN_UNDECLARED_SELECTOR = YES;
				GCC_WARN_UNINITIALIZED_AUTOS = YES_AGGRESSIVE;
				GCC_WARN_UNUSED_FUNCTION = YES;
				GCC_WARN_UNUSED_VARIABLE = YES;
				IPHONEOS_DEPLOYMENT_TARGET = 15.5;
				MTL_ENABLE_DEBUG_INFO = NO;
				MTL_FAST_MATH = YES;
				SDKROOT = iphoneos;
				SWIFT_COMPILATION_MODE = wholemodule;
				SWIFT_OPTIMIZATION_LEVEL = "-O";
				VALIDATE_PRODUCT = YES;
			};
			name = Release;
		};
		A69F1780288E39F400AF88CC /* Debug */ = {
			isa = XCBuildConfiguration;
			buildSettings = {
				ASSETCATALOG_COMPILER_APPICON_NAME = AppIcon;
				ASSETCATALOG_COMPILER_GLOBAL_ACCENT_COLOR_NAME = AccentColor;
				CODE_SIGN_STYLE = Automatic;
				CURRENT_PROJECT_VERSION = 1;
				DEVELOPMENT_ASSET_PATHS = "\"stopwatch/Preview Content\"";
				DEVELOPMENT_TEAM = 3N2D6D7SCN;
				ENABLE_PREVIEWS = YES;
				GENERATE_INFOPLIST_FILE = YES;
				INFOPLIST_KEY_UIApplicationSceneManifest_Generation = YES;
				INFOPLIST_KEY_UIApplicationSupportsIndirectInputEvents = YES;
				INFOPLIST_KEY_UILaunchScreen_Generation = YES;
				INFOPLIST_KEY_UISupportedInterfaceOrientations_iPad = "UIInterfaceOrientationPortrait UIInterfaceOrientationPortraitUpsideDown UIInterfaceOrientationLandscapeLeft UIInterfaceOrientationLandscapeRight";
				INFOPLIST_KEY_UISupportedInterfaceOrientations_iPhone = "UIInterfaceOrientationPortrait UIInterfaceOrientationLandscapeLeft UIInterfaceOrientationLandscapeRight";
				LD_RUNPATH_SEARCH_PATHS = (
					"$(inherited)",
					"@executable_path/Frameworks",
				);
				MARKETING_VERSION = 1.0;
				PRODUCT_BUNDLE_IDENTIFIER = com.ohs.stopwatch;
				PRODUCT_NAME = "$(TARGET_NAME)";
				SWIFT_EMIT_LOC_STRINGS = YES;
				SWIFT_VERSION = 5.0;
				TARGETED_DEVICE_FAMILY = "1,2";
			};
			name = Debug;
		};
		A69F1781288E39F400AF88CC /* Release */ = {
			isa = XCBuildConfiguration;
			buildSettings = {
				ASSETCATALOG_COMPILER_APPICON_NAME = AppIcon;
				ASSETCATALOG_COMPILER_GLOBAL_ACCENT_COLOR_NAME = AccentColor;
				CODE_SIGN_STYLE = Automatic;
				CURRENT_PROJECT_VERSION = 1;
				DEVELOPMENT_ASSET_PATHS = "\"stopwatch/Preview Content\"";
				DEVELOPMENT_TEAM = 3N2D6D7SCN;
				ENABLE_PREVIEWS = YES;
				GENERATE_INFOPLIST_FILE = YES;
				INFOPLIST_KEY_UIApplicationSceneManifest_Generation = YES;
				INFOPLIST_KEY_UIApplicationSupportsIndirectInputEvents = YES;
				INFOPLIST_KEY_UILaunchScreen_Generation = YES;
				INFOPLIST_KEY_UISupportedInterfaceOrientations_iPad = "UIInterfaceOrientationPortrait UIInterfaceOrientationPortraitUpsideDown UIInterfaceOrientationLandscapeLeft UIInterfaceOrientationLandscapeRight";
				INFOPLIST_KEY_UISupportedInterfaceOrientations_iPhone = "UIInterfaceOrientationPortrait UIInterfaceOrientationLandscapeLeft UIInterfaceOrientationLandscapeRight";
				LD_RUNPATH_SEARCH_PATHS = (
					"$(inherited)",
					"@executable_path/Frameworks",
				);
				MARKETING_VERSION = 1.0;
				PRODUCT_BUNDLE_IDENTIFIER = com.ohs.stopwatch;
				PRODUCT_NAME = "$(TARGET_NAME)";
				SWIFT_EMIT_LOC_STRINGS = YES;
				SWIFT_VERSION = 5.0;
				TARGETED_DEVICE_FAMILY = "1,2";
			};
			name = Release;
		};
/* End XCBuildConfiguration section */

/* Begin XCConfigurationList section */
		A69F176C288E39F400AF88CC /* Build configuration list for PBXProject "stopwatch" */ = {
			isa = XCConfigurationList;
			buildConfigurations = (
				A69F177D288E39F400AF88CC /* Debug */,
				A69F177E288E39F400AF88CC /* Release */,
			);
			defaultConfigurationIsVisible = 0;
			defaultConfigurationName = Release;
		};
		A69F177F288E39F400AF88CC /* Build configuration list for PBXNativeTarget "stopwatch" */ = {
			isa = XCConfigurationList;
			buildConfigurations = (
				A69F1780288E39F400AF88CC /* Debug */,
				A69F1781288E39F400AF88CC /* Release */,
			);
			defaultConfigurationIsVisible = 0;
			defaultConfigurationName = Release;
		};
/* End XCConfigurationList section */
	};
	rootObject = A69F1769288E39F400AF88CC /* Project object */;
}
